
Microsoft Visual Studio Solution File, Format Version 12.00
# Visual Studio Version 17
VisualStudioVersion = 17.3.32922.545
MinimumVisualStudioVersion = 10.0.40219.1
Project("{FAE04EC0-301F-11D3-BF4B-00C04F79EFBC}") = "Ayahmatch", "Ayahmatch.csproj", "{A3CCEC24-4EB9-4616-B907-67E5B125FF0B}"
EndProject
Global
	GlobalSection(SolutionConfigurationPlatforms) = preSolution
		Debug|Any CPU = Debug|Any CPU
		Release|Any CPU = Release|Any CPU
	EndGlobalSection
	GlobalSection(ProjectConfigurationPlatforms) = postSolution
		{A3CCEC24-4EB9-4616-B907-67E5B125FF0B}.Debug|Any CPU.ActiveCfg = Debug|Any CPU
		{A3CCEC24-4EB9-4616-B907-67E5B125FF0B}.Debug|Any CPU.Build.0 = Debug|Any CPU
		{A3CCEC24-4EB9-4616-B907-67E5B125FF0B}.Release|Any CPU.ActiveCfg = Release|Any CPU
		{A3CCEC24-4EB9-4616-B907-67E5B125FF0B}.Release|Any CPU.Build.0 = Release|Any CPU
	EndGlobalSection
	GlobalSection(SolutionProperties) = preSolution
		HideSolutionNode = FALSE
	EndGlobalSection
	GlobalSection(ExtensibilityGlobals) = postSolution
		SolutionGuid = {F7EC056C-2B0F-4F9E-8F96-770063AC5602}
	EndGlobalSection
EndGlobal
